{
  "lockfileVersion": 1,
  "workspaces": {
    "": {
      "name": "ukiyoe-demo",
      "dependencies": {
        "@internationalized/date": "^3.7.0",
        "@lucide/svelte": "^0.556.0",
        "bits-ui": "^2.15.2",
        "hast-util-to-html": "^9.0.5",
        "ukiyoe": "link:../..",
        "unist-util-visit": "^5.0.0",
        "zod": "^3.24.0",
      },
      "devDependencies": {
        "@sveltejs/adapter-auto": "^4.0.0",
        "@sveltejs/adapter-static": "^3.0.10",
        "@sveltejs/kit": "^2.49.2",
        "@sveltejs/vite-plugin-svelte": "^5.1.1",
        "@tailwindcss/vite": "^4.1.18",
        "@types/mdast": "^4.0.4",
        "mdsvex": "^0.12.6",
        "rehype-autolink-headings": "^7.1.0",
        "rehype-slug": "^6.0.0",
        "shiki": "^3.20.0",
        "svelte": "^5.46.0",
        "svelte-check": "^4.3.4",
        "tailwindcss": "^4.1.18",
        "typescript": "^5.9.3",
        "vite": "^6.4.1",
      },
    },
  },
  "packages": {
    "@esbuild/darwin-arm64": ["@esbuild/darwin-arm64@0.25.12", "", { "os": "darwin", "cpu": "arm64" }, ""],

    "@floating-ui/core": ["@floating-ui/core@1.7.3", "", { "dependencies": { "@floating-ui/utils": "^0.2.10" } }, ""],

    "@floating-ui/dom": ["@floating-ui/dom@1.7.4", "", { "dependencies": { "@floating-ui/core": "^1.7.3", "@floating-ui/utils": "^0.2.10" } }, ""],

    "@floating-ui/utils": ["@floating-ui/utils@0.2.10", "", {}, ""],

    "@internationalized/date": ["@internationalized/date@3.10.1", "", { "dependencies": { "@swc/helpers": "^0.5.0" } }, ""],

    "@jridgewell/gen-mapping": ["@jridgewell/gen-mapping@0.3.13", "", { "dependencies": { "@jridgewell/sourcemap-codec": "^1.5.0", "@jridgewell/trace-mapping": "^0.3.24" } }, ""],

    "@jridgewell/remapping": ["@jridgewell/remapping@2.3.5", "", { "dependencies": { "@jridgewell/gen-mapping": "^0.3.5", "@jridgewell/trace-mapping": "^0.3.24" } }, ""],

    "@jridgewell/resolve-uri": ["@jridgewell/resolve-uri@3.1.2", "", {}, ""],

    "@jridgewell/sourcemap-codec": ["@jridgewell/sourcemap-codec@1.5.5", "", {}, ""],

    "@jridgewell/trace-mapping": ["@jridgewell/trace-mapping@0.3.31", "", { "dependencies": { "@jridgewell/resolve-uri": "^3.1.0", "@jridgewell/sourcemap-codec": "^1.4.14" } }, ""],

    "@lucide/svelte": ["@lucide/svelte@0.556.0", "", { "peerDependencies": { "svelte": "^5" } }, ""],

    "@polka/url": ["@polka/url@1.0.0-next.29", "", {}, ""],

    "@rollup/rollup-darwin-arm64": ["@rollup/rollup-darwin-arm64@4.54.0", "", { "os": "darwin", "cpu": "arm64" }, ""],

    "@shikijs/core": ["@shikijs/core@3.20.0", "", { "dependencies": { "@shikijs/types": "3.20.0", "@shikijs/vscode-textmate": "^10.0.2", "@types/hast": "^3.0.4", "hast-util-to-html": "^9.0.5" } }, ""],

    "@shikijs/engine-javascript": ["@shikijs/engine-javascript@3.20.0", "", { "dependencies": { "@shikijs/types": "3.20.0", "@shikijs/vscode-textmate": "^10.0.2", "oniguruma-to-es": "^4.3.4" } }, ""],

    "@shikijs/engine-oniguruma": ["@shikijs/engine-oniguruma@3.20.0", "", { "dependencies": { "@shikijs/types": "3.20.0", "@shikijs/vscode-textmate": "^10.0.2" } }, ""],

    "@shikijs/langs": ["@shikijs/langs@3.20.0", "", { "dependencies": { "@shikijs/types": "3.20.0" } }, ""],

    "@shikijs/themes": ["@shikijs/themes@3.20.0", "", { "dependencies": { "@shikijs/types": "3.20.0" } }, ""],

    "@shikijs/types": ["@shikijs/types@3.20.0", "", { "dependencies": { "@shikijs/vscode-textmate": "^10.0.2", "@types/hast": "^3.0.4" } }, ""],

    "@shikijs/vscode-textmate": ["@shikijs/vscode-textmate@10.0.2", "", {}, ""],

    "@standard-schema/spec": ["@standard-schema/spec@1.1.0", "", {}, ""],

    "@sveltejs/acorn-typescript": ["@sveltejs/acorn-typescript@1.0.8", "", { "peerDependencies": { "acorn": "^8.9.0" } }, ""],

    "@sveltejs/adapter-auto": ["@sveltejs/adapter-auto@4.0.0", "", { "dependencies": { "import-meta-resolve": "^4.1.0" }, "peerDependencies": { "@sveltejs/kit": "^2.0.0" } }, ""],

    "@sveltejs/adapter-static": ["@sveltejs/adapter-static@3.0.10", "", { "peerDependencies": { "@sveltejs/kit": "^2.0.0" } }, ""],

    "@sveltejs/kit": ["@sveltejs/kit@2.49.2", "", { "dependencies": { "@standard-schema/spec": "^1.0.0", "@sveltejs/acorn-typescript": "^1.0.5", "@types/cookie": "^0.6.0", "acorn": "^8.14.1", "cookie": "^0.6.0", "devalue": "^5.3.2", "esm-env": "^1.2.2", "kleur": "^4.1.5", "magic-string": "^0.30.5", "mrmime": "^2.0.0", "sade": "^1.8.1", "set-cookie-parser": "^2.6.0", "sirv": "^3.0.0" }, "peerDependencies": { "@opentelemetry/api": "^1.0.0", "@sveltejs/vite-plugin-svelte": "^3.0.0 || ^4.0.0-next.1 || ^5.0.0 || ^6.0.0-next.0", "svelte": "^4.0.0 || ^5.0.0-next.0", "vite": "^5.0.3 || ^6.0.0 || ^7.0.0-beta.0" }, "optionalPeers": ["@opentelemetry/api"], "bin": { "svelte-kit": "svelte-kit.js" } }, ""],

    "@sveltejs/vite-plugin-svelte": ["@sveltejs/vite-plugin-svelte@5.1.1", "", { "dependencies": { "@sveltejs/vite-plugin-svelte-inspector": "^4.0.1", "debug": "^4.4.1", "deepmerge": "^4.3.1", "kleur": "^4.1.5", "magic-string": "^0.30.17", "vitefu": "^1.0.6" }, "peerDependencies": { "svelte": "^5.0.0", "vite": "^6.0.0" } }, ""],

    "@sveltejs/vite-plugin-svelte-inspector": ["@sveltejs/vite-plugin-svelte-inspector@4.0.1", "", { "dependencies": { "debug": "^4.3.7" }, "peerDependencies": { "@sveltejs/vite-plugin-svelte": "^5.0.0", "svelte": "^5.0.0", "vite": "^6.0.0" } }, ""],

    "@swc/helpers": ["@swc/helpers@0.5.18", "", { "dependencies": { "tslib": "^2.8.0" } }, ""],

    "@tailwindcss/node": ["@tailwindcss/node@4.1.18", "", { "dependencies": { "@jridgewell/remapping": "^2.3.4", "enhanced-resolve": "^5.18.3", "jiti": "^2.6.1", "lightningcss": "1.30.2", "magic-string": "^0.30.21", "source-map-js": "^1.2.1", "tailwindcss": "4.1.18" } }, ""],

    "@tailwindcss/oxide": ["@tailwindcss/oxide@4.1.18", "", { "optionalDependencies": { "@tailwindcss/oxide-darwin-arm64": "4.1.18" } }, ""],

    "@tailwindcss/oxide-darwin-arm64": ["@tailwindcss/oxide-darwin-arm64@4.1.18", "", { "os": "darwin", "cpu": "arm64" }, ""],

    "@tailwindcss/vite": ["@tailwindcss/vite@4.1.18", "", { "dependencies": { "@tailwindcss/node": "4.1.18", "@tailwindcss/oxide": "4.1.18", "tailwindcss": "4.1.18" }, "peerDependencies": { "vite": "^5.2.0 || ^6 || ^7" } }, ""],

    "@types/cookie": ["@types/cookie@0.6.0", "", {}, ""],

    "@types/estree": ["@types/estree@1.0.8", "", {}, ""],

    "@types/hast": ["@types/hast@3.0.4", "", { "dependencies": { "@types/unist": "*" } }, ""],

    "@types/mdast": ["@types/mdast@4.0.4", "", { "dependencies": { "@types/unist": "*" } }, ""],

    "@types/unist": ["@types/unist@3.0.3", "", {}, ""],

    "@ungap/structured-clone": ["@ungap/structured-clone@1.3.0", "", {}, ""],

    "acorn": ["acorn@8.15.0", "", { "bin": "bin/acorn" }, ""],

    "aria-query": ["aria-query@5.3.2", "", {}, ""],

    "axobject-query": ["axobject-query@4.1.0", "", {}, ""],

    "bail": ["bail@2.0.2", "", {}, "sha512-0xO6mYd7JB2YesxDKplafRpsiOzPt9V02ddPCLbY1xYGPOX24NTyN50qnUxgCPcSoYMhKpAuBTjQoRZCAkUDRw=="],

    "bits-ui": ["bits-ui@2.15.2", "", { "dependencies": { "@floating-ui/core": "^1.7.1", "@floating-ui/dom": "^1.7.1", "esm-env": "^1.1.2", "runed": "^0.35.1", "svelte-toolbelt": "^0.10.6", "tabbable": "^6.2.0" }, "peerDependencies": { "@internationalized/date": "^3.8.1", "svelte": "^5.33.0" } }, ""],

    "ccount": ["ccount@2.0.1", "", {}, ""],

    "character-entities-html4": ["character-entities-html4@2.1.0", "", {}, ""],

    "character-entities-legacy": ["character-entities-legacy@3.0.0", "", {}, ""],

    "chokidar": ["chokidar@4.0.3", "", { "dependencies": { "readdirp": "^4.0.1" } }, ""],

    "clsx": ["clsx@2.1.1", "", {}, ""],

    "comma-separated-tokens": ["comma-separated-tokens@2.0.3", "", {}, ""],

    "cookie": ["cookie@0.6.0", "", {}, ""],

    "debug": ["debug@4.4.3", "", { "dependencies": { "ms": "^2.1.3" } }, ""],

    "deepmerge": ["deepmerge@4.3.1", "", {}, ""],

    "dequal": ["dequal@2.0.3", "", {}, ""],

    "detect-libc": ["detect-libc@2.1.2", "", {}, ""],

    "devalue": ["devalue@5.6.1", "", {}, ""],

    "devlop": ["devlop@1.1.0", "", { "dependencies": { "dequal": "^2.0.0" } }, ""],

    "enhanced-resolve": ["enhanced-resolve@5.18.4", "", { "dependencies": { "graceful-fs": "^4.2.4", "tapable": "^2.2.0" } }, ""],

    "esbuild": ["esbuild@0.25.12", "", { "optionalDependencies": { "@esbuild/darwin-arm64": "0.25.12" }, "bin": "bin/esbuild" }, ""],

    "esm-env": ["esm-env@1.2.2", "", {}, ""],

    "esrap": ["esrap@2.2.1", "", { "dependencies": { "@jridgewell/sourcemap-codec": "^1.4.15" } }, ""],

    "extend": ["extend@3.0.2", "", {}, "sha512-fjquC59cD7CyW6urNXK0FBufkZcoiGG80wTuPujX590cB5Ttln20E2UB4S/WARVqhXffZl2LNgS+gQdPIIim/g=="],

    "fdir": ["fdir@6.5.0", "", { "peerDependencies": { "picomatch": "^3 || ^4" } }, ""],

    "fsevents": ["fsevents@2.3.3", "", { "os": "darwin" }, ""],

    "github-slugger": ["github-slugger@2.0.0", "", {}, "sha512-IaOQ9puYtjrkq7Y0Ygl9KDZnrf/aiUJYUpVf89y8kyaxbRG7Y1SrX/jaumrv81vc61+kiMempujsM3Yw7w5qcw=="],

    "graceful-fs": ["graceful-fs@4.2.11", "", {}, ""],

    "hast-util-heading-rank": ["hast-util-heading-rank@3.0.0", "", { "dependencies": { "@types/hast": "^3.0.0" } }, "sha512-EJKb8oMUXVHcWZTDepnr+WNbfnXKFNf9duMesmr4S8SXTJBJ9M4Yok08pu9vxdJwdlGRhVumk9mEhkEvKGifwA=="],

    "hast-util-is-element": ["hast-util-is-element@3.0.0", "", { "dependencies": { "@types/hast": "^3.0.0" } }, "sha512-Val9mnv2IWpLbNPqc/pUem+a7Ipj2aHacCwgNfTiK0vJKl0LF+4Ba4+v1oPHFpf3bLYmreq0/l3Gud9S5OH42g=="],

    "hast-util-to-html": ["hast-util-to-html@9.0.5", "", { "dependencies": { "@types/hast": "^3.0.0", "@types/unist": "^3.0.0", "ccount": "^2.0.0", "comma-separated-tokens": "^2.0.0", "hast-util-whitespace": "^3.0.0", "html-void-elements": "^3.0.0", "mdast-util-to-hast": "^13.0.0", "property-information": "^7.0.0", "space-separated-tokens": "^2.0.0", "stringify-entities": "^4.0.0", "zwitch": "^2.0.4" } }, ""],

    "hast-util-to-string": ["hast-util-to-string@3.0.1", "", { "dependencies": { "@types/hast": "^3.0.0" } }, "sha512-XelQVTDWvqcl3axRfI0xSeoVKzyIFPwsAGSLIsKdJKQMXDYJS4WYrBNF/8J7RdhIcFI2BOHgAifggsvsxp/3+A=="],

    "hast-util-whitespace": ["hast-util-whitespace@3.0.0", "", { "dependencies": { "@types/hast": "^3.0.0" } }, ""],

    "html-void-elements": ["html-void-elements@3.0.0", "", {}, ""],

    "import-meta-resolve": ["import-meta-resolve@4.2.0", "", {}, ""],

    "inline-style-parser": ["inline-style-parser@0.2.7", "", {}, ""],

    "is-plain-obj": ["is-plain-obj@4.1.0", "", {}, "sha512-+Pgi+vMuUNkJyExiMBt5IlFoMyKnr5zhJ4Uspz58WOhBF5QoIZkFyNHIbBAtHwzVAgk5RtndVNsDRN61/mmDqg=="],

    "is-reference": ["is-reference@3.0.3", "", { "dependencies": { "@types/estree": "^1.0.6" } }, ""],

    "jiti": ["jiti@2.6.1", "", { "bin": "lib/jiti-cli.mjs" }, ""],

    "kleur": ["kleur@4.1.5", "", {}, ""],

    "lightningcss": ["lightningcss@1.30.2", "", { "dependencies": { "detect-libc": "^2.0.3" }, "optionalDependencies": { "lightningcss-darwin-arm64": "1.30.2" } }, ""],

    "lightningcss-darwin-arm64": ["lightningcss-darwin-arm64@1.30.2", "", { "os": "darwin", "cpu": "arm64" }, ""],

    "locate-character": ["locate-character@3.0.0", "", {}, ""],

    "lz-string": ["lz-string@1.5.0", "", { "bin": "bin/bin.js" }, ""],

    "magic-string": ["magic-string@0.30.21", "", { "dependencies": { "@jridgewell/sourcemap-codec": "^1.5.5" } }, ""],

    "mdast-util-to-hast": ["mdast-util-to-hast@13.2.1", "", { "dependencies": { "@types/hast": "^3.0.0", "@types/mdast": "^4.0.0", "@ungap/structured-clone": "^1.0.0", "devlop": "^1.0.0", "micromark-util-sanitize-uri": "^2.0.0", "trim-lines": "^3.0.0", "unist-util-position": "^5.0.0", "unist-util-visit": "^5.0.0", "vfile": "^6.0.0" } }, ""],

    "mdsvex": ["mdsvex@0.12.6", "", { "dependencies": { "@types/mdast": "^4.0.4", "@types/unist": "^2.0.3", "prism-svelte": "^0.4.7", "prismjs": "^1.17.1", "unist-util-visit": "^2.0.1", "vfile-message": "^2.0.4" }, "peerDependencies": { "svelte": "^3.56.0 || ^4.0.0 || ^5.0.0-next.120" } }, ""],

    "micromark-util-character": ["micromark-util-character@2.1.1", "", { "dependencies": { "micromark-util-symbol": "^2.0.0", "micromark-util-types": "^2.0.0" } }, ""],

    "micromark-util-encode": ["micromark-util-encode@2.0.1", "", {}, ""],

    "micromark-util-sanitize-uri": ["micromark-util-sanitize-uri@2.0.1", "", { "dependencies": { "micromark-util-character": "^2.0.0", "micromark-util-encode": "^2.0.0", "micromark-util-symbol": "^2.0.0" } }, ""],

    "micromark-util-symbol": ["micromark-util-symbol@2.0.1", "", {}, ""],

    "micromark-util-types": ["micromark-util-types@2.0.2", "", {}, "sha512-Yw0ECSpJoViF1qTU4DC6NwtC4aWGt1EkzaQB8KPPyCRR8z9TWeV0HbEFGTO+ZY1wB22zmxnJqhPyTpOVCpeHTA=="],

    "mri": ["mri@1.2.0", "", {}, ""],

    "mrmime": ["mrmime@2.0.1", "", {}, ""],

    "ms": ["ms@2.1.3", "", {}, ""],

    "nanoid": ["nanoid@3.3.11", "", { "bin": "bin/nanoid.cjs" }, ""],

    "oniguruma-parser": ["oniguruma-parser@0.12.1", "", {}, ""],

    "oniguruma-to-es": ["oniguruma-to-es@4.3.4", "", { "dependencies": { "oniguruma-parser": "^0.12.1", "regex": "^6.0.1", "regex-recursion": "^6.0.2" } }, ""],

    "picocolors": ["picocolors@1.1.1", "", {}, ""],

    "picomatch": ["picomatch@4.0.3", "", {}, ""],

    "postcss": ["postcss@8.5.6", "", { "dependencies": { "nanoid": "^3.3.11", "picocolors": "^1.1.1", "source-map-js": "^1.2.1" } }, ""],

    "prism-svelte": ["prism-svelte@0.4.7", "", {}, ""],

    "prismjs": ["prismjs@1.30.0", "", {}, ""],

    "property-information": ["property-information@7.1.0", "", {}, ""],

    "readdirp": ["readdirp@4.1.2", "", {}, ""],

    "regex": ["regex@6.1.0", "", { "dependencies": { "regex-utilities": "^2.3.0" } }, ""],

    "regex-recursion": ["regex-recursion@6.0.2", "", { "dependencies": { "regex-utilities": "^2.3.0" } }, ""],

    "regex-utilities": ["regex-utilities@2.3.0", "", {}, ""],

    "rehype-autolink-headings": ["rehype-autolink-headings@7.1.0", "", { "dependencies": { "@types/hast": "^3.0.0", "@ungap/structured-clone": "^1.0.0", "hast-util-heading-rank": "^3.0.0", "hast-util-is-element": "^3.0.0", "unified": "^11.0.0", "unist-util-visit": "^5.0.0" } }, "sha512-rItO/pSdvnvsP4QRB1pmPiNHUskikqtPojZKJPPPAVx9Hj8i8TwMBhofrrAYRhYOOBZH9tgmG5lPqDLuIWPWmw=="],

    "rehype-slug": ["rehype-slug@6.0.0", "", { "dependencies": { "@types/hast": "^3.0.0", "github-slugger": "^2.0.0", "hast-util-heading-rank": "^3.0.0", "hast-util-to-string": "^3.0.0", "unist-util-visit": "^5.0.0" } }, "sha512-lWyvf/jwu+oS5+hL5eClVd3hNdmwM1kAC0BUvEGD19pajQMIzcNUd/k9GsfQ+FfECvX+JE+e9/btsKH0EjJT6A=="],

    "rollup": ["rollup@4.54.0", "", { "dependencies": { "@types/estree": "1.0.8" }, "optionalDependencies": { "@rollup/rollup-darwin-arm64": "4.54.0", "fsevents": "~2.3.2" }, "bin": "dist/bin/rollup" }, ""],

    "runed": ["runed@0.35.1", "", { "dependencies": { "dequal": "^2.0.3", "esm-env": "^1.0.0", "lz-string": "^1.5.0" }, "peerDependencies": { "@sveltejs/kit": "^2.21.0", "svelte": "^5.7.0" } }, ""],

    "sade": ["sade@1.8.1", "", { "dependencies": { "mri": "^1.1.0" } }, ""],

    "set-cookie-parser": ["set-cookie-parser@2.7.2", "", {}, ""],

    "shiki": ["shiki@3.20.0", "", { "dependencies": { "@shikijs/core": "3.20.0", "@shikijs/engine-javascript": "3.20.0", "@shikijs/engine-oniguruma": "3.20.0", "@shikijs/langs": "3.20.0", "@shikijs/themes": "3.20.0", "@shikijs/types": "3.20.0", "@shikijs/vscode-textmate": "^10.0.2", "@types/hast": "^3.0.4" } }, ""],

    "sirv": ["sirv@3.0.2", "", { "dependencies": { "@polka/url": "^1.0.0-next.24", "mrmime": "^2.0.0", "totalist": "^3.0.0" } }, ""],

    "source-map-js": ["source-map-js@1.2.1", "", {}, ""],

    "space-separated-tokens": ["space-separated-tokens@2.0.2", "", {}, ""],

    "stringify-entities": ["stringify-entities@4.0.4", "", { "dependencies": { "character-entities-html4": "^2.0.0", "character-entities-legacy": "^3.0.0" } }, ""],

    "style-to-object": ["style-to-object@1.0.14", "", { "dependencies": { "inline-style-parser": "0.2.7" } }, ""],

    "svelte": ["svelte@5.46.1", "", { "dependencies": { "@jridgewell/remapping": "^2.3.4", "@jridgewell/sourcemap-codec": "^1.5.0", "@sveltejs/acorn-typescript": "^1.0.5", "@types/estree": "^1.0.5", "acorn": "^8.12.1", "aria-query": "^5.3.1", "axobject-query": "^4.1.0", "clsx": "^2.1.1", "devalue": "^5.5.0", "esm-env": "^1.2.1", "esrap": "^2.2.1", "is-reference": "^3.0.3", "locate-character": "^3.0.0", "magic-string": "^0.30.11", "zimmerframe": "^1.1.2" } }, ""],

    "svelte-check": ["svelte-check@4.3.5", "", { "dependencies": { "@jridgewell/trace-mapping": "^0.3.25", "chokidar": "^4.0.1", "fdir": "^6.2.0", "picocolors": "^1.0.0", "sade": "^1.7.4" }, "peerDependencies": { "svelte": "^4.0.0 || ^5.0.0-next.0", "typescript": ">=5.0.0" }, "bin": "bin/svelte-check" }, ""],

    "svelte-toolbelt": ["svelte-toolbelt@0.10.6", "", { "dependencies": { "clsx": "^2.1.1", "runed": "^0.35.1", "style-to-object": "^1.0.8" }, "peerDependencies": { "svelte": "^5.30.2" } }, ""],

    "tabbable": ["tabbable@6.4.0", "", {}, ""],

    "tailwindcss": ["tailwindcss@4.1.18", "", {}, ""],

    "tapable": ["tapable@2.3.0", "", {}, ""],

    "tinyglobby": ["tinyglobby@0.2.15", "", { "dependencies": { "fdir": "^6.5.0", "picomatch": "^4.0.3" } }, ""],

    "totalist": ["totalist@3.0.1", "", {}, ""],

    "trim-lines": ["trim-lines@3.0.1", "", {}, ""],

    "trough": ["trough@2.2.0", "", {}, "sha512-tmMpK00BjZiUyVyvrBK7knerNgmgvcV/KLVyuma/SC+TQN167GrMRciANTz09+k3zW8L8t60jWO1GpfkZdjTaw=="],

    "tslib": ["tslib@2.8.1", "", {}, ""],

    "typescript": ["typescript@5.9.3", "", { "bin": { "tsc": "bin/tsc", "tsserver": "bin/tsserver" } }, ""],

    "ukiyoe": ["ukiyoe@link:../..", {}],

    "unified": ["unified@11.0.5", "", { "dependencies": { "@types/unist": "^3.0.0", "bail": "^2.0.0", "devlop": "^1.0.0", "extend": "^3.0.0", "is-plain-obj": "^4.0.0", "trough": "^2.0.0", "vfile": "^6.0.0" } }, "sha512-xKvGhPWw3k84Qjh8bI3ZeJjqnyadK+GEFtazSfZv/rKeTkTjOJho6mFqh2SM96iIcZokxiOpg78GazTSg8+KHA=="],

    "unist-util-is": ["unist-util-is@6.0.1", "", { "dependencies": { "@types/unist": "^3.0.0" } }, ""],

    "unist-util-position": ["unist-util-position@5.0.0", "", { "dependencies": { "@types/unist": "^3.0.0" } }, ""],

    "unist-util-stringify-position": ["unist-util-stringify-position@2.0.3", "", { "dependencies": { "@types/unist": "^2.0.2" } }, ""],

    "unist-util-visit": ["unist-util-visit@5.0.0", "", { "dependencies": { "@types/unist": "^3.0.0", "unist-util-is": "^6.0.0", "unist-util-visit-parents": "^6.0.0" } }, ""],

    "unist-util-visit-parents": ["unist-util-visit-parents@6.0.2", "", { "dependencies": { "@types/unist": "^3.0.0", "unist-util-is": "^6.0.0" } }, ""],

    "vfile": ["vfile@6.0.3", "", { "dependencies": { "@types/unist": "^3.0.0", "vfile-message": "^4.0.0" } }, ""],

    "vfile-message": ["vfile-message@2.0.4", "", { "dependencies": { "@types/unist": "^2.0.0", "unist-util-stringify-position": "^2.0.0" } }, ""],

    "vite": ["vite@6.4.1", "", { "dependencies": { "esbuild": "^0.25.0", "fdir": "^6.4.4", "picomatch": "^4.0.2", "postcss": "^8.5.3", "rollup": "^4.34.9", "tinyglobby": "^0.2.13" }, "optionalDependencies": { "fsevents": "~2.3.3" }, "peerDependencies": { "@types/node": "^18.0.0 || ^20.0.0 || >=22.0.0", "jiti": ">=1.21.0", "less": "*", "lightningcss": "^1.21.0", "sass": "*", "sass-embedded": "*", "stylus": "*", "sugarss": "*", "terser": "^5.16.0", "tsx": "^4.8.1", "yaml": "^2.4.2" }, "optionalPeers": ["@types/node", "less", "sass", "sass-embedded", "stylus", "sugarss", "terser", "tsx", "yaml"], "bin": "bin/vite.js" }, ""],

    "vitefu": ["vitefu@1.1.1", "", { "peerDependencies": { "vite": "^3.0.0 || ^4.0.0 || ^5.0.0 || ^6.0.0 || ^7.0.0-beta.0" } }, ""],

    "zimmerframe": ["zimmerframe@1.1.4", "", {}, ""],

    "zod": ["zod@3.25.76", "", {}, ""],

    "zwitch": ["zwitch@2.0.4", "", {}, ""],

    "mdsvex/@types/unist": ["@types/unist@2.0.11", "", {}, ""],

    "mdsvex/unist-util-visit": ["unist-util-visit@2.0.3", "", { "dependencies": { "@types/unist": "^2.0.0", "unist-util-is": "^4.0.0", "unist-util-visit-parents": "^3.0.0" } }, ""],

    "unist-util-stringify-position/@types/unist": ["@types/unist@2.0.11", "", {}, ""],

    "vfile/vfile-message": ["vfile-message@4.0.3", "", { "dependencies": { "@types/unist": "^3.0.0", "unist-util-stringify-position": "^4.0.0" } }, ""],

    "vfile-message/@types/unist": ["@types/unist@2.0.11", "", {}, ""],

    "mdsvex/unist-util-visit/unist-util-is": ["unist-util-is@4.1.0", "", {}, ""],

    "mdsvex/unist-util-visit/unist-util-visit-parents": ["unist-util-visit-parents@3.1.1", "", { "dependencies": { "@types/unist": "^2.0.0", "unist-util-is": "^4.0.0" } }, ""],

    "vfile/vfile-message/unist-util-stringify-position": ["unist-util-stringify-position@4.0.0", "", { "dependencies": { "@types/unist": "^3.0.0" } }, ""],
  }
}
